{
	"name": "social-auth-express-v2",
	"version": "2.0.5",
	"lockfileVersion": 2,
	"requires": true,
	"packages": {
		"": {
			"name": "social-auth-express-v2",
			"version": "2.0.5",
			"license": "MIT",
			"dependencies": {
				"natives": "^1.1.6",
				"passport": "0.6.0",
				"passport-amazon": "1.0.0",
				"passport-facebook": "^2.1.1",
				"passport-foursquare": "^1.0.0",
				"passport-github": "^1.1.0",
				"passport-google-oauth": "^2.0.0",
				"passport-imgur": "^0.0.3",
				"passport-instagram": "^1.0.0",
				"passport-linkedin": "^1.0.0",
				"passport-meetup": "^1.0.0",
				"passport-oauth1": "^1.3.0",
				"passport-vkontakte": "^0.5.0"
			},
			"devDependencies": {}
		},
		"node_modules/base64url": {
			"version": "3.0.1",
			"resolved": "https://registry.npmjs.org/base64url/-/base64url-3.0.1.tgz",
			"integrity": "sha512-ir1UPr3dkwexU7FdV8qBBbNDRUhMmIekYMFZfi+C/sLNnRESKPl23nB9b2pltqfOQNnGzsDdId90AEtG5tCx4A==",
			"engines": {
				"node": ">=6.0.0"
			}
		},
		"node_modules/natives": {
			"version": "1.1.6",
			"resolved": "https://registry.npmjs.org/natives/-/natives-1.1.6.tgz",
			"integrity": "sha512-6+TDFewD4yxY14ptjKaS63GVdtKiES1pTPyxn9Jb0rBqPMZ7VcCiooEhPNsr+mqHtMGxa/5c/HhcC4uPEUw/nA==",
			"deprecated": "This module relies on Node.js's internals and will break at some point. Do not use it, and update to graceful-fs@4.x."
		},
		"node_modules/oauth": {
			"version": "0.9.15",
			"resolved": "https://registry.npmjs.org/oauth/-/oauth-0.9.15.tgz",
			"integrity": "sha512-a5ERWK1kh38ExDEfoO6qUHJb32rd7aYmPHuyCu3Fta/cnICvYmgd2uhuKXvPD+PXB+gCEYYEaQdIRAjCOwAKNA=="
		},
		"node_modules/passport": {
			"version": "0.6.0",
			"resolved": "https://registry.npmjs.org/passport/-/passport-0.6.0.tgz",
			"integrity": "sha512-0fe+p3ZnrWRW74fe8+SvCyf4a3Pb2/h7gFkQ8yTJpAO50gDzlfjZUZTO1k5Eg9kUct22OxHLqDZoKUWRHOh9ug==",
			"dependencies": {
				"passport-strategy": "1.x.x",
				"pause": "0.0.1",
				"utils-merge": "^1.0.1"
			},
			"engines": {
				"node": ">= 0.4.0"
			},
			"funding": {
				"type": "github",
				"url": "https://github.com/sponsors/jaredhanson"
			}
		},
		"node_modules/passport-amazon": {
			"version": "1.0.0",
			"resolved": "https://registry.npmjs.org/passport-amazon/-/passport-amazon-1.0.0.tgz",
			"integrity": "sha512-mouKe5CSueQxt4nvsstS0vr2vW36HKxNATZ7nOOUFTtpgjlNJ8yxW6LoVE0AZ0ZOHHhYYLwM4uR/NSyK0K9r4w==",
			"dependencies": {
				"passport-oauth2": "1.x.x"
			},
			"engines": {
				"node": ">= 0.4.0"
			}
		},
		"node_modules/passport-facebook": {
			"version": "2.1.1",
			"resolved": "https://registry.npmjs.org/passport-facebook/-/passport-facebook-2.1.1.tgz",
			"integrity": "sha512-aud9mXAB8QjyHEFgwKz9E6VRZOL9CJPNqmaGx8SrXCQCe1rQtIPTcBWbRAxPJn5yDE/ANd+WCH2FGeLh+exJgg==",
			"dependencies": {
				"passport-oauth2": "1.x.x"
			},
			"engines": {
				"node": ">= 0.4.0"
			}
		},
		"node_modules/passport-foursquare": {
			"version": "1.0.0",
			"resolved": "https://registry.npmjs.org/passport-foursquare/-/passport-foursquare-1.0.0.tgz",
			"integrity": "sha512-y+f1HTJuqObTLrIijSKznN630qnupAj5GELIs+euKyfUKU1bW16nW/cK6uppEHZ95XXeD9M8+CucZRai6Nv2/g==",
			"dependencies": {
				"passport-oauth2": "1.x.x"
			},
			"engines": {
				"node": ">= 0.4.0"
			}
		},
		"node_modules/passport-github": {
			"version": "1.1.0",
			"resolved": "https://registry.npmjs.org/passport-github/-/passport-github-1.1.0.tgz",
			"integrity": "sha512-XARXJycE6fFh/dxF+Uut8OjlwbFEXgbPVj/+V+K7cvriRK7VcAOm+NgBmbiLM9Qv3SSxEAV+V6fIk89nYHXa8A==",
			"dependencies": {
				"passport-oauth2": "1.x.x"
			},
			"engines": {
				"node": ">= 0.4.0"
			}
		},
		"node_modules/passport-google-oauth": {
			"version": "2.0.0",
			"resolved": "https://registry.npmjs.org/passport-google-oauth/-/passport-google-oauth-2.0.0.tgz",
			"integrity": "sha512-JKxZpBx6wBQXX1/a1s7VmdBgwOugohH+IxCy84aPTZNq/iIPX6u7Mqov1zY7MKRz3niFPol0KJz8zPLBoHKtYA==",
			"dependencies": {
				"passport-google-oauth1": "1.x.x",
				"passport-google-oauth20": "2.x.x"
			},
			"engines": {
				"node": ">= 0.4.0"
			}
		},
		"node_modules/passport-google-oauth1": {
			"version": "1.0.0",
			"resolved": "https://registry.npmjs.org/passport-google-oauth1/-/passport-google-oauth1-1.0.0.tgz",
			"integrity": "sha512-qpCEhuflJgYrdg5zZIpAq/K3gTqa1CtHjbubsEsidIdpBPLkEVq6tB1I8kBNcH89RdSiYbnKpCBXAZXX/dtx1Q==",
			"dependencies": {
				"passport-oauth1": "1.x.x"
			}
		},
		"node_modules/passport-google-oauth20": {
			"version": "2.0.0",
			"resolved": "https://registry.npmjs.org/passport-google-oauth20/-/passport-google-oauth20-2.0.0.tgz",
			"integrity": "sha512-KSk6IJ15RoxuGq7D1UKK/8qKhNfzbLeLrG3gkLZ7p4A6DBCcv7xpyQwuXtWdpyR0+E0mwkpjY1VfPOhxQrKzdQ==",
			"dependencies": {
				"passport-oauth2": "1.x.x"
			},
			"engines": {
				"node": ">= 0.4.0"
			}
		},
		"node_modules/passport-imgur": {
			"version": "0.0.3",
			"resolved": "https://registry.npmjs.org/passport-imgur/-/passport-imgur-0.0.3.tgz",
			"integrity": "sha512-JHaYO0ijMKt8NYReOimm1w4/f2tlT+mFdW3TIYKGkppy//TJNvLMNnPn5qWPqpTgZdoZa1YFxiBtqgo6/VO/ow==",
			"dependencies": {
				"passport-oauth": ">= 0.1.0"
			},
			"engines": {
				"node": ">= 0.4.0"
			}
		},
		"node_modules/passport-instagram": {
			"version": "1.0.0",
			"resolved": "https://registry.npmjs.org/passport-instagram/-/passport-instagram-1.0.0.tgz",
			"integrity": "sha512-irnGcLgCa+vYF5k/7+gU/uiLfzs6VJds8cMOFiuwq2mRAiRrEPyM5rIzXurDGCQl7s5uhEcolpBOGqChUGPtAg==",
			"dependencies": {
				"passport-oauth2": "1.x.x"
			},
			"engines": {
				"node": ">= 0.4.0"
			}
		},
		"node_modules/passport-linkedin": {
			"version": "1.0.0",
			"resolved": "https://registry.npmjs.org/passport-linkedin/-/passport-linkedin-1.0.0.tgz",
			"integrity": "sha512-0/B3PTp+MeD9fqvuQJN4OdkVlVPhF+kF0hVrXGgtAXdgh9WTIEFKUguEPXBK+IgzWlF6T2a74ThijxDrMMI4nw==",
			"dependencies": {
				"passport-oauth1": "1.x.x"
			},
			"engines": {
				"node": ">= 0.4.0"
			}
		},
		"node_modules/passport-meetup": {
			"version": "1.0.0",
			"resolved": "https://registry.npmjs.org/passport-meetup/-/passport-meetup-1.0.0.tgz",
			"integrity": "sha512-khzN7nAoWqL6lWAec6cO80VeI1QAA9FOPuRio3yW73r6/iB+mpshEaFGd6FUfwUwWIaczhPV7pr1lTMicftpTg==",
			"dependencies": {
				"passport-oauth1": "1.x.x"
			},
			"engines": {
				"node": ">= 0.4.0"
			}
		},
		"node_modules/passport-oauth": {
			"version": "1.0.0",
			"resolved": "https://registry.npmjs.org/passport-oauth/-/passport-oauth-1.0.0.tgz",
			"integrity": "sha512-4IZNVsZbN1dkBzmEbBqUxDG8oFOIK81jqdksE3HEb/vI3ib3FMjbiZZ6MTtooyYZzmKu0BfovjvT1pdGgIq+4Q==",
			"dependencies": {
				"passport-oauth1": "1.x.x",
				"passport-oauth2": "1.x.x"
			},
			"engines": {
				"node": ">= 0.4.0"
			}
		},
		"node_modules/passport-oauth1": {
			"version": "1.3.0",
			"resolved": "https://registry.npmjs.org/passport-oauth1/-/passport-oauth1-1.3.0.tgz",
			"integrity": "sha512-8T/nX4gwKTw0PjxP1xfD0QhrydQNakzeOpZ6M5Uqdgz9/a/Ag62RmJxnZQ4LkbdXGrRehQHIAHNAu11rCP46Sw==",
			"dependencies": {
				"oauth": "0.9.x",
				"passport-strategy": "1.x.x",
				"utils-merge": "1.x.x"
			},
			"engines": {
				"node": ">= 0.4.0"
			},
			"funding": {
				"type": "github",
				"url": "https://github.com/sponsors/jaredhanson"
			}
		},
		"node_modules/passport-oauth2": {
			"version": "1.7.0",
			"resolved": "https://registry.npmjs.org/passport-oauth2/-/passport-oauth2-1.7.0.tgz",
			"integrity": "sha512-j2gf34szdTF2Onw3+76alNnaAExlUmHvkc7cL+cmaS5NzHzDP/BvFHJruueQ9XAeNOdpI+CH+PWid8RA7KCwAQ==",
			"dependencies": {
				"base64url": "3.x.x",
				"oauth": "0.9.x",
				"passport-strategy": "1.x.x",
				"uid2": "0.0.x",
				"utils-merge": "1.x.x"
			},
			"engines": {
				"node": ">= 0.4.0"
			},
			"funding": {
				"type": "github",
				"url": "https://github.com/sponsors/jaredhanson"
			}
		},
		"node_modules/passport-strategy": {
			"version": "1.0.0",
			"resolved": "https://registry.npmjs.org/passport-strategy/-/passport-strategy-1.0.0.tgz",
			"integrity": "sha512-CB97UUvDKJde2V0KDWWB3lyf6PC3FaZP7YxZ2G8OAtn9p4HI9j9JLP9qjOGZFvyl8uwNT8qM+hGnz/n16NI7oA==",
			"engines": {
				"node": ">= 0.4.0"
			}
		},
		"node_modules/passport-vkontakte": {
			"version": "0.5.0",
			"resolved": "https://registry.npmjs.org/passport-vkontakte/-/passport-vkontakte-0.5.0.tgz",
			"integrity": "sha512-9VgT2sJdlbpl6GHn12fXLE2rw1nWh5v6xWp/D6nB+/EB4yA+LtiKWttCEDc5IpSDTdRzZlS9pahkNQuu43N4oQ==",
			"dependencies": {
				"passport-oauth2": "^1.3.0",
				"pkginfo": "^0.4.0"
			},
			"engines": {
				"node": ">= 0.4.0"
			}
		},
		"node_modules/pause": {
			"version": "0.0.1",
			"resolved": "https://registry.npmjs.org/pause/-/pause-0.0.1.tgz",
			"integrity": "sha512-KG8UEiEVkR3wGEb4m5yZkVCzigAD+cVEJck2CzYZO37ZGJfctvVptVO192MwrtPhzONn6go8ylnOdMhKqi4nfg=="
		},
		"node_modules/pkginfo": {
			"version": "0.4.1",
			"resolved": "https://registry.npmjs.org/pkginfo/-/pkginfo-0.4.1.tgz",
			"integrity": "sha512-8xCNE/aT/EXKenuMDZ+xTVwkT8gsoHN2z/Q29l80u0ppGEXVvsKRzNMbtKhg8LS8k1tJLAHHylf6p4VFmP6XUQ==",
			"engines": {
				"node": ">= 0.4.0"
			}
		},
		"node_modules/uid2": {
			"version": "0.0.4",
			"resolved": "https://registry.npmjs.org/uid2/-/uid2-0.0.4.tgz",
			"integrity": "sha512-IevTus0SbGwQzYh3+fRsAMTVVPOoIVufzacXcHPmdlle1jUpq7BRL+mw3dgeLanvGZdwwbWhRV6XrcFNdBmjWA=="
		},
		"node_modules/utils-merge": {
			"version": "1.0.1",
			"resolved": "https://registry.npmjs.org/utils-merge/-/utils-merge-1.0.1.tgz",
			"integrity": "sha512-pMZTvIkT1d+TFGvDOqodOclx0QWkkgi6Tdoa8gC8ffGAAqz9pzPTZWAybbsHHoED/ztMtkv/VoYTYyShUn81hA==",
			"engines": {
				"node": ">= 0.4.0"
			}
		}
	},
	"dependencies": {
		"base64url": {
			"version": "3.0.1",
			"resolved": "https://registry.npmjs.org/base64url/-/base64url-3.0.1.tgz",
			"integrity": "sha512-ir1UPr3dkwexU7FdV8qBBbNDRUhMmIekYMFZfi+C/sLNnRESKPl23nB9b2pltqfOQNnGzsDdId90AEtG5tCx4A=="
		},
		"natives": {
			"version": "1.1.6",
			"resolved": "https://registry.npmjs.org/natives/-/natives-1.1.6.tgz",
			"integrity": "sha512-6+TDFewD4yxY14ptjKaS63GVdtKiES1pTPyxn9Jb0rBqPMZ7VcCiooEhPNsr+mqHtMGxa/5c/HhcC4uPEUw/nA=="
		},
		"oauth": {
			"version": "0.9.15",
			"resolved": "https://registry.npmjs.org/oauth/-/oauth-0.9.15.tgz",
			"integrity": "sha512-a5ERWK1kh38ExDEfoO6qUHJb32rd7aYmPHuyCu3Fta/cnICvYmgd2uhuKXvPD+PXB+gCEYYEaQdIRAjCOwAKNA=="
		},
		"passport": {
			"version": "0.6.0",
			"resolved": "https://registry.npmjs.org/passport/-/passport-0.6.0.tgz",
			"integrity": "sha512-0fe+p3ZnrWRW74fe8+SvCyf4a3Pb2/h7gFkQ8yTJpAO50gDzlfjZUZTO1k5Eg9kUct22OxHLqDZoKUWRHOh9ug==",
			"requires": {
				"passport-strategy": "1.x.x",
				"pause": "0.0.1",
				"utils-merge": "^1.0.1"
			}
		},
		"passport-amazon": {
			"version": "1.0.0",
			"resolved": "https://registry.npmjs.org/passport-amazon/-/passport-amazon-1.0.0.tgz",
			"integrity": "sha512-mouKe5CSueQxt4nvsstS0vr2vW36HKxNATZ7nOOUFTtpgjlNJ8yxW6LoVE0AZ0ZOHHhYYLwM4uR/NSyK0K9r4w==",
			"requires": {
				"passport-oauth2": "1.x.x"
			}
		},
		"passport-facebook": {
			"version": "2.1.1",
			"resolved": "https://registry.npmjs.org/passport-facebook/-/passport-facebook-2.1.1.tgz",
			"integrity": "sha512-aud9mXAB8QjyHEFgwKz9E6VRZOL9CJPNqmaGx8SrXCQCe1rQtIPTcBWbRAxPJn5yDE/ANd+WCH2FGeLh+exJgg==",
			"requires": {
				"passport-oauth2": "1.x.x"
			}
		},
		"passport-foursquare": {
			"version": "1.0.0",
			"resolved": "https://registry.npmjs.org/passport-foursquare/-/passport-foursquare-1.0.0.tgz",
			"integrity": "sha512-y+f1HTJuqObTLrIijSKznN630qnupAj5GELIs+euKyfUKU1bW16nW/cK6uppEHZ95XXeD9M8+CucZRai6Nv2/g==",
			"requires": {
				"passport-oauth2": "1.x.x"
			}
		},
		"passport-github": {
			"version": "1.1.0",
			"resolved": "https://registry.npmjs.org/passport-github/-/passport-github-1.1.0.tgz",
			"integrity": "sha512-XARXJycE6fFh/dxF+Uut8OjlwbFEXgbPVj/+V+K7cvriRK7VcAOm+NgBmbiLM9Qv3SSxEAV+V6fIk89nYHXa8A==",
			"requires": {
				"passport-oauth2": "1.x.x"
			}
		},
		"passport-google-oauth": {
			"version": "2.0.0",
			"resolved": "https://registry.npmjs.org/passport-google-oauth/-/passport-google-oauth-2.0.0.tgz",
			"integrity": "sha512-JKxZpBx6wBQXX1/a1s7VmdBgwOugohH+IxCy84aPTZNq/iIPX6u7Mqov1zY7MKRz3niFPol0KJz8zPLBoHKtYA==",
			"requires": {
				"passport-google-oauth1": "1.x.x",
				"passport-google-oauth20": "2.x.x"
			}
		},
		"passport-google-oauth1": {
			"version": "1.0.0",
			"resolved": "https://registry.npmjs.org/passport-google-oauth1/-/passport-google-oauth1-1.0.0.tgz",
			"integrity": "sha512-qpCEhuflJgYrdg5zZIpAq/K3gTqa1CtHjbubsEsidIdpBPLkEVq6tB1I8kBNcH89RdSiYbnKpCBXAZXX/dtx1Q==",
			"requires": {
				"passport-oauth1": "1.x.x"
			}
		},
		"passport-google-oauth20": {
			"version": "2.0.0",
			"resolved": "https://registry.npmjs.org/passport-google-oauth20/-/passport-google-oauth20-2.0.0.tgz",
			"integrity": "sha512-KSk6IJ15RoxuGq7D1UKK/8qKhNfzbLeLrG3gkLZ7p4A6DBCcv7xpyQwuXtWdpyR0+E0mwkpjY1VfPOhxQrKzdQ==",
			"requires": {
				"passport-oauth2": "1.x.x"
			}
		},
		"passport-imgur": {
			"version": "0.0.3",
			"resolved": "https://registry.npmjs.org/passport-imgur/-/passport-imgur-0.0.3.tgz",
			"integrity": "sha512-JHaYO0ijMKt8NYReOimm1w4/f2tlT+mFdW3TIYKGkppy//TJNvLMNnPn5qWPqpTgZdoZa1YFxiBtqgo6/VO/ow==",
			"requires": {
				"passport-oauth": ">= 0.1.0"
			}
		},
		"passport-instagram": {
			"version": "1.0.0",
			"resolved": "https://registry.npmjs.org/passport-instagram/-/passport-instagram-1.0.0.tgz",
			"integrity": "sha512-irnGcLgCa+vYF5k/7+gU/uiLfzs6VJds8cMOFiuwq2mRAiRrEPyM5rIzXurDGCQl7s5uhEcolpBOGqChUGPtAg==",
			"requires": {
				"passport-oauth2": "1.x.x"
			}
		},
		"passport-linkedin": {
			"version": "1.0.0",
			"resolved": "https://registry.npmjs.org/passport-linkedin/-/passport-linkedin-1.0.0.tgz",
			"integrity": "sha512-0/B3PTp+MeD9fqvuQJN4OdkVlVPhF+kF0hVrXGgtAXdgh9WTIEFKUguEPXBK+IgzWlF6T2a74ThijxDrMMI4nw==",
			"requires": {
				"passport-oauth1": "1.x.x"
			}
		},
		"passport-meetup": {
			"version": "1.0.0",
			"resolved": "https://registry.npmjs.org/passport-meetup/-/passport-meetup-1.0.0.tgz",
			"integrity": "sha512-khzN7nAoWqL6lWAec6cO80VeI1QAA9FOPuRio3yW73r6/iB+mpshEaFGd6FUfwUwWIaczhPV7pr1lTMicftpTg==",
			"requires": {
				"passport-oauth1": "1.x.x"
			}
		},
		"passport-oauth": {
			"version": "1.0.0",
			"resolved": "https://registry.npmjs.org/passport-oauth/-/passport-oauth-1.0.0.tgz",
			"integrity": "sha512-4IZNVsZbN1dkBzmEbBqUxDG8oFOIK81jqdksE3HEb/vI3ib3FMjbiZZ6MTtooyYZzmKu0BfovjvT1pdGgIq+4Q==",
			"requires": {
				"passport-oauth1": "1.x.x",
				"passport-oauth2": "1.x.x"
			}
		},
		"passport-oauth1": {
			"version": "1.3.0",
			"resolved": "https://registry.npmjs.org/passport-oauth1/-/passport-oauth1-1.3.0.tgz",
			"integrity": "sha512-8T/nX4gwKTw0PjxP1xfD0QhrydQNakzeOpZ6M5Uqdgz9/a/Ag62RmJxnZQ4LkbdXGrRehQHIAHNAu11rCP46Sw==",
			"requires": {
				"oauth": "0.9.x",
				"passport-strategy": "1.x.x",
				"utils-merge": "1.x.x"
			}
		},
		"passport-oauth2": {
			"version": "1.7.0",
			"resolved": "https://registry.npmjs.org/passport-oauth2/-/passport-oauth2-1.7.0.tgz",
			"integrity": "sha512-j2gf34szdTF2Onw3+76alNnaAExlUmHvkc7cL+cmaS5NzHzDP/BvFHJruueQ9XAeNOdpI+CH+PWid8RA7KCwAQ==",
			"requires": {
				"base64url": "3.x.x",
				"oauth": "0.9.x",
				"passport-strategy": "1.x.x",
				"uid2": "0.0.x",
				"utils-merge": "1.x.x"
			}
		},
		"passport-strategy": {
			"version": "1.0.0",
			"resolved": "https://registry.npmjs.org/passport-strategy/-/passport-strategy-1.0.0.tgz",
			"integrity": "sha512-CB97UUvDKJde2V0KDWWB3lyf6PC3FaZP7YxZ2G8OAtn9p4HI9j9JLP9qjOGZFvyl8uwNT8qM+hGnz/n16NI7oA=="
		},
		"passport-vkontakte": {
			"version": "0.5.0",
			"resolved": "https://registry.npmjs.org/passport-vkontakte/-/passport-vkontakte-0.5.0.tgz",
			"integrity": "sha512-9VgT2sJdlbpl6GHn12fXLE2rw1nWh5v6xWp/D6nB+/EB4yA+LtiKWttCEDc5IpSDTdRzZlS9pahkNQuu43N4oQ==",
			"requires": {
				"passport-oauth2": "^1.3.0",
				"pkginfo": "^0.4.0"
			}
		},
		"pause": {
			"version": "0.0.1",
			"resolved": "https://registry.npmjs.org/pause/-/pause-0.0.1.tgz",
			"integrity": "sha512-KG8UEiEVkR3wGEb4m5yZkVCzigAD+cVEJck2CzYZO37ZGJfctvVptVO192MwrtPhzONn6go8ylnOdMhKqi4nfg=="
		},
		"pkginfo": {
			"version": "0.4.1",
			"resolved": "https://registry.npmjs.org/pkginfo/-/pkginfo-0.4.1.tgz",
			"integrity": "sha512-8xCNE/aT/EXKenuMDZ+xTVwkT8gsoHN2z/Q29l80u0ppGEXVvsKRzNMbtKhg8LS8k1tJLAHHylf6p4VFmP6XUQ=="
		},
		"uid2": {
			"version": "0.0.4",
			"resolved": "https://registry.npmjs.org/uid2/-/uid2-0.0.4.tgz",
			"integrity": "sha512-IevTus0SbGwQzYh3+fRsAMTVVPOoIVufzacXcHPmdlle1jUpq7BRL+mw3dgeLanvGZdwwbWhRV6XrcFNdBmjWA=="
		},
		"utils-merge": {
			"version": "1.0.1",
			"resolved": "https://registry.npmjs.org/utils-merge/-/utils-merge-1.0.1.tgz",
			"integrity": "sha512-pMZTvIkT1d+TFGvDOqodOclx0QWkkgi6Tdoa8gC8ffGAAqz9pzPTZWAybbsHHoED/ztMtkv/VoYTYyShUn81hA=="
		}
	}
}
